
Microsoft Visual Studio Solution File, Format Version 12.00
# Visual Studio 15
Project("{FAE04EC0-301F-11D3-BF4B-00C04F79EFBC}") = "Curriculum", "Assembly-CSharp.csproj", "{20689903-8BF3-6A64-9F61-7365DA0341DC}"
EndProject
Project("{FAE04EC0-301F-11D3-BF4B-00C04F79EFBC}") = "Curriculum", "Assembly-CSharp-Editor.csproj", "{5F3A3289-3862-4318-3CAD-B92B1C35C2F3}"
EndProject
Global
	GlobalSection(SolutionConfigurationPlatforms) = preSolution
		Debug|Any CPU = Debug|Any CPU
		Release|Any CPU = Release|Any CPU
	EndGlobalSection
	GlobalSection(ProjectConfigurationPlatforms) = postSolution
		{20689903-8BF3-6A64-9F61-7365DA0341DC}.Debug|Any CPU.ActiveCfg = Debug|Any CPU
		{20689903-8BF3-6A64-9F61-7365DA0341DC}.Debug|Any CPU.Build.0 = Debug|Any CPU
		{20689903-8BF3-6A64-9F61-7365DA0341DC}.Release|Any CPU.ActiveCfg = Release|Any CPU
		{20689903-8BF3-6A64-9F61-7365DA0341DC}.Release|Any CPU.Build.0 = Release|Any CPU
		{5F3A3289-3862-4318-3CAD-B92B1C35C2F3}.Debug|Any CPU.ActiveCfg = Debug|Any CPU
		{5F3A3289-3862-4318-3CAD-B92B1C35C2F3}.Debug|Any CPU.Build.0 = Debug|Any CPU
		{5F3A3289-3862-4318-3CAD-B92B1C35C2F3}.Release|Any CPU.ActiveCfg = Release|Any CPU
		{5F3A3289-3862-4318-3CAD-B92B1C35C2F3}.Release|Any CPU.Build.0 = Release|Any CPU
	EndGlobalSection
	GlobalSection(SolutionProperties) = preSolution
		HideSolutionNode = FALSE
	EndGlobalSection
EndGlobal
